
Microsoft Visual Studio Solution File, Format Version 12.00
# Visual Studio Version 17
VisualStudioVersion = 17.0.31903.59
MinimumVisualStudioVersion = 10.0.40219.1
Project("{FAE04EC0-301F-11D3-BF4B-00C04F79EFBC}") = "MyRag.Api", "MyRag.Api\MyRag.Api.csproj", "{D9C5D919-006A-41C6-BD02-906A4F3C6952}"
EndProject
Project("{FAE04EC0-301F-11D3-BF4B-00C04F79EFBC}") = "MyRag.Application", "MyRag.Application\MyRag.Application.csproj", "{C69A3300-014C-4ABE-822E-768049D1A932}"
EndProject
Project("{FAE04EC0-301F-11D3-BF4B-00C04F79EFBC}") = "MyRag.Domain", "MyRag.Domain\MyRag.Domain.csproj", "{6AAA080B-36A5-41BC-A8F6-0F639A2D0A92}"
EndProject
Project("{FAE04EC0-301F-11D3-BF4B-00C04F79EFBC}") = "MyRag.Infrastructure", "MyRag.Infrastructure\MyRag.Infrastructure.csproj", "{00E8AA87-AE2B-4424-A671-7E308F4544C5}"
EndProject
Project("{FAE04EC0-301F-11D3-BF4B-00C04F79EFBC}") = "MyRag.Util", "MyRag.Util\MyRag.Util.csproj", "{3D41B29A-90C3-42BB-9E8C-6503E91DAE1E}"
EndProject
Global
	GlobalSection(SolutionConfigurationPlatforms) = preSolution
		Debug|Any CPU = Debug|Any CPU
		Release|Any CPU = Release|Any CPU
	EndGlobalSection
	GlobalSection(SolutionProperties) = preSolution
		HideSolutionNode = FALSE
	EndGlobalSection
	GlobalSection(ProjectConfigurationPlatforms) = postSolution
		{D9C5D919-006A-41C6-BD02-906A4F3C6952}.Debug|Any CPU.ActiveCfg = Debug|Any CPU
		{D9C5D919-006A-41C6-BD02-906A4F3C6952}.Debug|Any CPU.Build.0 = Debug|Any CPU
		{D9C5D919-006A-41C6-BD02-906A4F3C6952}.Release|Any CPU.ActiveCfg = Release|Any CPU
		{D9C5D919-006A-41C6-BD02-906A4F3C6952}.Release|Any CPU.Build.0 = Release|Any CPU
		{C69A3300-014C-4ABE-822E-768049D1A932}.Debug|Any CPU.ActiveCfg = Debug|Any CPU
		{C69A3300-014C-4ABE-822E-768049D1A932}.Debug|Any CPU.Build.0 = Debug|Any CPU
		{C69A3300-014C-4ABE-822E-768049D1A932}.Release|Any CPU.ActiveCfg = Release|Any CPU
		{C69A3300-014C-4ABE-822E-768049D1A932}.Release|Any CPU.Build.0 = Release|Any CPU
		{6AAA080B-36A5-41BC-A8F6-0F639A2D0A92}.Debug|Any CPU.ActiveCfg = Debug|Any CPU
		{6AAA080B-36A5-41BC-A8F6-0F639A2D0A92}.Debug|Any CPU.Build.0 = Debug|Any CPU
		{6AAA080B-36A5-41BC-A8F6-0F639A2D0A92}.Release|Any CPU.ActiveCfg = Release|Any CPU
		{6AAA080B-36A5-41BC-A8F6-0F639A2D0A92}.Release|Any CPU.Build.0 = Release|Any CPU
		{00E8AA87-AE2B-4424-A671-7E308F4544C5}.Debug|Any CPU.ActiveCfg = Debug|Any CPU
		{00E8AA87-AE2B-4424-A671-7E308F4544C5}.Debug|Any CPU.Build.0 = Debug|Any CPU
		{00E8AA87-AE2B-4424-A671-7E308F4544C5}.Release|Any CPU.ActiveCfg = Release|Any CPU
		{00E8AA87-AE2B-4424-A671-7E308F4544C5}.Release|Any CPU.Build.0 = Release|Any CPU
		{3D41B29A-90C3-42BB-9E8C-6503E91DAE1E}.Debug|Any CPU.ActiveCfg = Debug|Any CPU
		{3D41B29A-90C3-42BB-9E8C-6503E91DAE1E}.Debug|Any CPU.Build.0 = Debug|Any CPU
		{3D41B29A-90C3-42BB-9E8C-6503E91DAE1E}.Release|Any CPU.ActiveCfg = Release|Any CPU
		{3D41B29A-90C3-42BB-9E8C-6503E91DAE1E}.Release|Any CPU.Build.0 = Release|Any CPU
	EndGlobalSection
EndGlobal
